
Microsoft Visual Studio Solution File, Format Version 12.00
# Visual Studio Version 17
VisualStudioVersion = 17.8.34525.116
MinimumVisualStudioVersion = 10.0.40219.1
Project("{FAE04EC0-301F-11D3-BF4B-00C04F79EFBC}") = "WinFormsApp2(파파존스 게시판)", "WinFormsApp2(파파존스 게시판)\WinFormsApp2(파파존스 게시판).csproj", "{ADCE6C73-24E9-4877-803C-C656D1173868}"
EndProject
Global
	GlobalSection(SolutionConfigurationPlatforms) = preSolution
		Debug|Any CPU = Debug|Any CPU
		Release|Any CPU = Release|Any CPU
	EndGlobalSection
	GlobalSection(ProjectConfigurationPlatforms) = postSolution
		{ADCE6C73-24E9-4877-803C-C656D1173868}.Debug|Any CPU.ActiveCfg = Debug|Any CPU
		{ADCE6C73-24E9-4877-803C-C656D1173868}.Debug|Any CPU.Build.0 = Debug|Any CPU
		{ADCE6C73-24E9-4877-803C-C656D1173868}.Release|Any CPU.ActiveCfg = Release|Any CPU
		{ADCE6C73-24E9-4877-803C-C656D1173868}.Release|Any CPU.Build.0 = Release|Any CPU
	EndGlobalSection
	GlobalSection(SolutionProperties) = preSolution
		HideSolutionNode = FALSE
	EndGlobalSection
	GlobalSection(ExtensibilityGlobals) = postSolution
		SolutionGuid = {B84161FD-4554-4F85-98EE-EE3CAE6097D7}
	EndGlobalSection
EndGlobal
